
Microsoft Visual Studio Solution File, Format Version 12.00
# Visual Studio Version 16
VisualStudioVersion = 16.0.30621.155
MinimumVisualStudioVersion = 10.0.40219.1
Project("{9A19103F-16F7-4668-BE54-9A1E7A4F7556}") = "Funda", "Funda.csproj", "{C9645270-FDBF-4A24-B938-BC7CF22BBC30}"
EndProject
Project("{9A19103F-16F7-4668-BE54-9A1E7A4F7556}") = "FundaTest", "..\FundaTest\FundaTest.csproj", "{BD1E5BCC-0DDD-4F85-BF7E-0EF3AA8374EC}"
EndProject
Global
	GlobalSection(SolutionConfigurationPlatforms) = preSolution
		Debug|Any CPU = Debug|Any CPU
		Release|Any CPU = Release|Any CPU
	EndGlobalSection
	GlobalSection(ProjectConfigurationPlatforms) = postSolution
		{C9645270-FDBF-4A24-B938-BC7CF22BBC30}.Debug|Any CPU.ActiveCfg = Debug|Any CPU
		{C9645270-FDBF-4A24-B938-BC7CF22BBC30}.Debug|Any CPU.Build.0 = Debug|Any CPU
		{C9645270-FDBF-4A24-B938-BC7CF22BBC30}.Release|Any CPU.ActiveCfg = Release|Any CPU
		{C9645270-FDBF-4A24-B938-BC7CF22BBC30}.Release|Any CPU.Build.0 = Release|Any CPU
		{BD1E5BCC-0DDD-4F85-BF7E-0EF3AA8374EC}.Debug|Any CPU.ActiveCfg = Debug|Any CPU
		{BD1E5BCC-0DDD-4F85-BF7E-0EF3AA8374EC}.Debug|Any CPU.Build.0 = Debug|Any CPU
		{BD1E5BCC-0DDD-4F85-BF7E-0EF3AA8374EC}.Release|Any CPU.ActiveCfg = Release|Any CPU
		{BD1E5BCC-0DDD-4F85-BF7E-0EF3AA8374EC}.Release|Any CPU.Build.0 = Release|Any CPU
	EndGlobalSection
	GlobalSection(SolutionProperties) = preSolution
		HideSolutionNode = FALSE
	EndGlobalSection
	GlobalSection(ExtensibilityGlobals) = postSolution
		SolutionGuid = {B52C79BD-1AD0-4095-B745-B60E03BCDE89}
	EndGlobalSection
EndGlobal
